// !$*UTF8*$!
{
	archiveVersion = 1;
	classes = {
	};
	objectVersion = 56;
	objects = {

/* Begin PBXBuildFile section */
		2473D2CA2C3A72E8008AD42E /* AppDelegate.swift in Sources */ = {isa = PBXBuildFile; fileRef = 2473D2C92C3A72E8008AD42E /* AppDelegate.swift */; };
		2473D2CC2C3A72E8008AD42E /* SceneDelegate.swift in Sources */ = {isa = PBXBuildFile; fileRef = 2473D2CB2C3A72E8008AD42E /* SceneDelegate.swift */; };
		2473D2CE2C3A72E8008AD42E /* ViewController.swift in Sources */ = {isa = PBXBuildFile; fileRef = 2473D2CD2C3A72E8008AD42E /* ViewController.swift */; };
		2473D2D12C3A72E8008AD42E /* Main.storyboard in Resources */ = {isa = PBXBuildFile; fileRef = 2473D2CF2C3A72E8008AD42E /* Main.storyboard */; };
		2473D2D32C3A72EA008AD42E /* Assets.xcassets in Resources */ = {isa = PBXBuildFile; fileRef = 2473D2D22C3A72EA008AD42E /* Assets.xcassets */; };
		2473D2D62C3A72EA008AD42E /* LaunchScreen.storyboard in Resources */ = {isa = PBXBuildFile; fileRef = 2473D2D42C3A72EA008AD42E /* LaunchScreen.storyboard */; };
		2473D2DF2C3A730F008AD42E /* Photos.framework in Frameworks */ = {isa = PBXBuildFile; fileRef = 2473D2DE2C3A730F008AD42E /* Photos.framework */; };
/* End PBXBuildFile section */

/* Begin PBXFileReference section */
		2473D2C62C3A72E8008AD42E /* photo-gallery-ios.app */ = {isa = PBXFileReference; explicitFileType = wrapper.application; includeInIndex = 0; path = "photo-gallery-ios.app"; sourceTree = BUILT_PRODUCTS_DIR; };
		2473D2C92C3A72E8008AD42E /* AppDelegate.swift */ = {isa = PBXFileReference; lastKnownFileType = sourcecode.swift; path = AppDelegate.swift; sourceTree = "<group>"; };
		2473D2CB2C3A72E8008AD42E /* SceneDelegate.swift */ = {isa = PBXFileReference; lastKnownFileType = sourcecode.swift; path = SceneDelegate.swift; sourceTree = "<group>"; };
		2473D2CD2C3A72E8008AD42E /* ViewController.swift */ = {isa = PBXFileReference; lastKnownFileType = sourcecode.swift; path = ViewController.swift; sourceTree = "<group>"; };
		2473D2D02C3A72E8008AD42E /* Base */ = {isa = PBXFileReference; lastKnownFileType = file.storyboard; name = Base; path = Base.lproj/Main.storyboard; sourceTree = "<group>"; };
		2473D2D22C3A72EA008AD42E /* Assets.xcassets */ = {isa = PBXFileReference; lastKnownFileType = folder.assetcatalog; path = Assets.xcassets; sourceTree = "<group>"; };
		2473D2D52C3A72EA008AD42E /* Base */ = {isa = PBXFileReference; lastKnownFileType = file.storyboard; name = Base; path = Base.lproj/LaunchScreen.storyboard; sourceTree = "<group>"; };
		2473D2D72C3A72EA008AD42E /* Info.plist */ = {isa = PBXFileReference; lastKnownFileType = text.plist.xml; path = Info.plist; sourceTree = "<group>"; };
		2473D2DE2C3A730F008AD42E /* Photos.framework */ = {isa = PBXFileReference; lastKnownFileType = wrapper.framework; name = Photos.framework; path = System/Library/Frameworks/Photos.framework; sourceTree = SDKROOT; };
/* End PBXFileReference section */

/* Begin PBXFrameworksBuildPhase section */
		2473D2C32C3A72E8008AD42E /* Frameworks */ = {
			isa = PBXFrameworksBuildPhase;
			buildActionMask = 2147483647;
			files = (
				2473D2DF2C3A730F008AD42E /* Photos.framework in Frameworks */,
			);
			runOnlyForDeploymentPostprocessing = 0;
		};
/* End PBXFrameworksBuildPhase section */

/* Begin PBXGroup section */
		2473D2BD2C3A72E8008AD42E = {
			isa = PBXGroup;
			children = (
				2473D2C82C3A72E8008AD42E /* photo-gallery-ios */,
				2473D2C72C3A72E8008AD42E /* Products */,
				2473D2DD2C3A730F008AD42E /* Frameworks */,
			);
			sourceTree = "<group>";
		};
		2473D2C72C3A72E8008AD42E /* Products */ = {
			isa = PBXGroup;
			children = (
				2473D2C62C3A72E8008AD42E /* photo-gallery-ios.app */,
			);
			name = Products;
			sourceTree = "<group>";
		};
		2473D2C82C3A72E8008AD42E /* photo-gallery-ios */ = {
			isa = PBXGroup;
			children = (
				2473D2C92C3A72E8008AD42E /* AppDelegate.swift */,
				2473D2CB2C3A72E8008AD42E /* SceneDelegate.swift */,
				2473D2CD2C3A72E8008AD42E /* ViewController.swift */,
				2473D2CF2C3A72E8008AD42E /* Main.storyboard */,
				2473D2D22C3A72EA008AD42E /* Assets.xcassets */,
				2473D2D42C3A72EA008AD42E /* LaunchScreen.storyboard */,
				2473D2D72C3A72EA008AD42E /* Info.plist */,
			);
			path = "photo-gallery-ios";
			sourceTree = "<group>";
		};
		2473D2DD2C3A730F008AD42E /* Frameworks */ = {
			isa = PBXGroup;
			children = (
				2473D2DE2C3A730F008AD42E /* Photos.framework */,
			);
			name = Frameworks;
			sourceTree = "<group>";
		};
/* End PBXGroup section */

/* Begin PBXNativeTarget section */
		2473D2C52C3A72E8008AD42E /* photo-gallery-ios */ = {
			isa = PBXNativeTarget;
			buildConfigurationList = 2473D2DA2C3A72EA008AD42E /* Build configuration list for PBXNativeTarget "photo-gallery-ios" */;
			buildPhases = (
				2473D2C22C3A72E8008AD42E /* Sources */,
				2473D2C32C3A72E8008AD42E /* Frameworks */,
				2473D2C42C3A72E8008AD42E /* Resources */,
			);
			buildRules = (
			);
			dependencies = (
			);
			name = "photo-gallery-ios";
			productName = "photo-gallery-ios";
			productReference = 2473D2C62C3A72E8008AD42E /* photo-gallery-ios.app */;
			productType = "com.apple.product-type.application";
		};
/* End PBXNativeTarget section */

/* Begin PBXProject section */
		2473D2BE2C3A72E8008AD42E /* Project object */ = {
			isa = PBXProject;
			attributes = {
				BuildIndependentTargetsInParallel = 1;
				LastSwiftUpdateCheck = 1400;
				LastUpgradeCheck = 1400;
				TargetAttributes = {
					2473D2C52C3A72E8008AD42E = {
						CreatedOnToolsVersion = 14.0;
					};
				};
			};
			buildConfigurationList = 2473D2C12C3A72E8008AD42E /* Build configuration list for PBXProject "photo-gallery-ios" */;
			compatibilityVersion = "Xcode 14.0";
			developmentRegion = en;
			hasScannedForEncodings = 0;
			knownRegions = (
				en,
				Base,
			);
			mainGroup = 2473D2BD2C3A72E8008AD42E;
			productRefGroup = 2473D2C72C3A72E8008AD42E /* Products */;
			projectDirPath = "";
			projectRoot = "";
			targets = (
				2473D2C52C3A72E8008AD42E /* photo-gallery-ios */,
			);
		};
/* End PBXProject section */

/* Begin PBXResourcesBuildPhase section */
		2473D2C42C3A72E8008AD42E /* Resources */ = {
			isa = PBXResourcesBuildPhase;
			buildActionMask = 2147483647;
			files = (
				2473D2D62C3A72EA008AD42E /* LaunchScreen.storyboard in Resources */,
				2473D2D32C3A72EA008AD42E /* Assets.xcassets in Resources */,
				2473D2D12C3A72E8008AD42E /* Main.storyboard in Resources */,
			);
			runOnlyForDeploymentPostprocessing = 0;
		};
/* End PBXResourcesBuildPhase section */

/* Begin PBXSourcesBuildPhase section */
		2473D2C22C3A72E8008AD42E /* Sources */ = {
			isa = PBXSourcesBuildPhase;
			buildActionMask = 2147483647;
			files = (
				2473D2CE2C3A72E8008AD42E /* ViewController.swift in Sources */,
				2473D2CA2C3A72E8008AD42E /* AppDelegate.swift in Sources */,
				2473D2CC2C3A72E8008AD42E /* SceneDelegate.swift in Sources */,
			);
			runOnlyForDeploymentPostprocessing = 0;
		};
/* End PBXSourcesBuildPhase section */

/* Begin PBXVariantGroup section */
		2473D2CF2C3A72E8008AD42E /* Main.storyboard */ = {
			isa = PBXVariantGroup;
			children = (
				2473D2D02C3A72E8008AD42E /* Base */,
			);
			name = Main.storyboard;
			sourceTree = "<group>";
		};
		2473D2D42C3A72EA008AD42E /* LaunchScreen.storyboard */ = {
			isa = PBXVariantGroup;
			children = (
				2473D2D52C3A72EA008AD42E /* Base */,
			);
			name = LaunchScreen.storyboard;
			sourceTree = "<group>";
		};
/* End PBXVariantGroup section */

/* Begin XCBuildConfiguration section */
		2473D2D82C3A72EA008AD42E /* Debug */ = {
			isa = XCBuildConfiguration;
			buildSettings = {
				ALWAYS_SEARCH_USER_PATHS = NO;
				CLANG_ANALYZER_NONNULL = YES;
				CLANG_ANALYZER_NUMBER_OBJECT_CONVERSION = YES_AGGRESSIVE;
				CLANG_CXX_LANGUAGE_STANDARD = "gnu++20";
				CLANG_ENABLE_MODULES = YES;
				CLANG_ENABLE_OBJC_ARC = YES;
				CLANG_ENABLE_OBJC_WEAK = YES;
				CLANG_WARN_BLOCK_CAPTURE_AUTORELEASING = YES;
				CLANG_WARN_BOOL_CONVERSION = YES;
				CLANG_WARN_COMMA = YES;
				CLANG_WARN_CONSTANT_CONVERSION = YES;
				CLANG_WARN_DEPRECATED_OBJC_IMPLEMENTATIONS = YES;
				CLANG_WARN_DIRECT_OBJC_ISA_USAGE = YES_ERROR;
				CLANG_WARN_DOCUMENTATION_COMMENTS = YES;
				CLANG_WARN_EMPTY_BODY = YES;
				CLANG_WARN_ENUM_CONVERSION = YES;
				CLANG_WARN_INFINITE_RECURSION = YES;
				CLANG_WARN_INT_CONVERSION = YES;
				CLANG_WARN_NON_LITERAL_NULL_CONVERSION = YES;
				CLANG_WARN_OBJC_IMPLICIT_RETAIN_SELF = YES;
				CLANG_WARN_OBJC_LITERAL_CONVERSION = YES;
				CLANG_WARN_OBJC_ROOT_CLASS = YES_ERROR;
				CLANG_WARN_QUOTED_INCLUDE_IN_FRAMEWORK_HEADER = YES;
				CLANG_WARN_RANGE_LOOP_ANALYSIS = YES;
				CLANG_WARN_STRICT_PROTOTYPES = YES;
				CLANG_WARN_SUSPICIOUS_MOVE = YES;
				CLANG_WARN_UNGUARDED_AVAILABILITY = YES_AGGRESSIVE;
				CLANG_WARN_UNREACHABLE_CODE = YES;
				CLANG_WARN__DUPLICATE_METHOD_MATCH = YES;
				COPY_PHASE_STRIP = NO;
				DEBUG_INFORMATION_FORMAT = dwarf;
				ENABLE_STRICT_OBJC_MSGSEND = YES;
				ENABLE_TESTABILITY = YES;
				GCC_C_LANGUAGE_STANDARD = gnu11;
				GCC_DYNAMIC_NO_PIC = NO;
				GCC_NO_COMMON_BLOCKS = YES;
				GCC_OPTIMIZATION_LEVEL = 0;
				GCC_PREPROCESSOR_DEFINITIONS = (
					"DEBUG=1",
					"$(inherited)",
				);
				GCC_WARN_64_TO_32_BIT_CONVERSION = YES;
				GCC_WARN_ABOUT_RETURN_TYPE = YES_ERROR;
				GCC_WARN_UNDECLARED_SELECTOR = YES;
				GCC_WARN_UNINITIALIZED_AUTOS = YES_AGGRESSIVE;
				GCC_WARN_UNUSED_FUNCTION = YES;
				GCC_WARN_UNUSED_VARIABLE = YES;
				IPHONEOS_DEPLOYMENT_TARGET = 16.0;
				MTL_ENABLE_DEBUG_INFO = INCLUDE_SOURCE;
				MTL_FAST_MATH = YES;
				ONLY_ACTIVE_ARCH = YES;
				SDKROOT = iphoneos;
				SWIFT_ACTIVE_COMPILATION_CONDITIONS = DEBUG;
				SWIFT_OPTIMIZATION_LEVEL = "-Onone";
			};
			name = Debug;
		};
		2473D2D92C3A72EA008AD42E /* Release */ = {
			isa = XCBuildConfiguration;
			buildSettings = {
				ALWAYS_SEARCH_USER_PATHS = NO;
				CLANG_ANALYZER_NONNULL = YES;
				CLANG_ANALYZER_NUMBER_OBJECT_CONVERSION = YES_AGGRESSIVE;
				CLANG_CXX_LANGUAGE_STANDARD = "gnu++20";
				CLANG_ENABLE_MODULES = YES;
				CLANG_ENABLE_OBJC_ARC = YES;
				CLANG_ENABLE_OBJC_WEAK = YES;
				CLANG_WARN_BLOCK_CAPTURE_AUTORELEASING = YES;
				CLANG_WARN_BOOL_CONVERSION = YES;
				CLANG_WARN_COMMA = YES;
				CLANG_WARN_CONSTANT_CONVERSION = YES;
				CLANG_WARN_DEPRECATED_OBJC_IMPLEMENTATIONS = YES;
				CLANG_WARN_DIRECT_OBJC_ISA_USAGE = YES_ERROR;
				CLANG_WARN_DOCUMENTATION_COMMENTS = YES;
				CLANG_WARN_EMPTY_BODY = YES;
				CLANG_WARN_ENUM_CONVERSION = YES;
				CLANG_WARN_INFINITE_RECURSION = YES;
				CLANG_WARN_INT_CONVERSION = YES;
				CLANG_WARN_NON_LITERAL_NULL_CONVERSION = YES;
				CLANG_WARN_OBJC_IMPLICIT_RETAIN_SELF = YES;
				CLANG_WARN_OBJC_LITERAL_CONVERSION = YES;
				CLANG_WARN_OBJC_ROOT_CLASS = YES_ERROR;
				CLANG_WARN_QUOTED_INCLUDE_IN_FRAMEWORK_HEADER = YES;
				CLANG_WARN_RANGE_LOOP_ANALYSIS = YES;
				CLANG_WARN_STRICT_PROTOTYPES = YES;
				CLANG_WARN_SUSPICIOUS_MOVE = YES;
				CLANG_WARN_UNGUARDED_AVAILABILITY = YES_AGGRESSIVE;
				CLANG_WARN_UNREACHABLE_CODE = YES;
				CLANG_WARN__DUPLICATE_METHOD_MATCH = YES;
				COPY_PHASE_STRIP = NO;
				DEBUG_INFORMATION_FORMAT = "dwarf-with-dsym";
				ENABLE_NS_ASSERTIONS = NO;
				ENABLE_STRICT_OBJC_MSGSEND = YES;
				GCC_C_LANGUAGE_STANDARD = gnu11;
				GCC_NO_COMMON_BLOCKS = YES;
				GCC_WARN_64_TO_32_BIT_CONVERSION = YES;
				GCC_WARN_ABOUT_RETURN_TYPE = YES_ERROR;
				GCC_WARN_UNDECLARED_SELECTOR = YES;
				GCC_WARN_UNINITIALIZED_AUTOS = YES_AGGRESSIVE;
				GCC_WARN_UNUSED_FUNCTION = YES;
				GCC_WARN_UNUSED_VARIABLE = YES;
				IPHONEOS_DEPLOYMENT_TARGET = 16.0;
				MTL_ENABLE_DEBUG_INFO = NO;
				MTL_FAST_MATH = YES;
				SDKROOT = iphoneos;
				SWIFT_COMPILATION_MODE = wholemodule;
				SWIFT_OPTIMIZATION_LEVEL = "-O";
				VALIDATE_PRODUCT = YES;
			};
			name = Release;
		};
		2473D2DB2C3A72EA008AD42E /* Debug */ = {
			isa = XCBuildConfiguration;
			buildSettings = {
				ASSETCATALOG_COMPILER_APPICON_NAME = AppIcon;
				ASSETCATALOG_COMPILER_GLOBAL_ACCENT_COLOR_NAME = AccentColor;
				CODE_SIGN_STYLE = Automatic;
				CURRENT_PROJECT_VERSION = 1;
				DEVELOPMENT_TEAM = RV864RZ8MD;
				GENERATE_INFOPLIST_FILE = YES;
				INFOPLIST_FILE = "photo-gallery-ios/Info.plist";
				INFOPLIST_KEY_UIApplicationSupportsIndirectInputEvents = YES;
				INFOPLIST_KEY_UILaunchStoryboardName = LaunchScreen;
				INFOPLIST_KEY_UIMainStoryboardFile = Main;
				INFOPLIST_KEY_UISupportedInterfaceOrientations_iPad = "UIInterfaceOrientationPortrait UIInterfaceOrientationPortraitUpsideDown UIInterfaceOrientationLandscapeLeft UIInterfaceOrientationLandscapeRight";
				INFOPLIST_KEY_UISupportedInterfaceOrientations_iPhone = "UIInterfaceOrientationPortrait UIInterfaceOrientationLandscapeLeft UIInterfaceOrientationLandscapeRight";
				LD_RUNPATH_SEARCH_PATHS = (
					"$(inherited)",
					"@executable_path/Frameworks",
				);
				MARKETING_VERSION = 1.0;
				PRODUCT_BUNDLE_IDENTIFIER = "myID.photo-gallery-ios";
				PRODUCT_NAME = "$(TARGET_NAME)";
				SWIFT_EMIT_LOC_STRINGS = YES;
				SWIFT_VERSION = 5.0;
				TARGETED_DEVICE_FAMILY = "1,2";
			};
			name = Debug;
		};
		2473D2DC2C3A72EA008AD42E /* Release */ = {
			isa = XCBuildConfiguration;
			buildSettings = {
				ASSETCATALOG_COMPILER_APPICON_NAME = AppIcon;
				ASSETCATALOG_COMPILER_GLOBAL_ACCENT_COLOR_NAME = AccentColor;
				CODE_SIGN_STYLE = Automatic;
				CURRENT_PROJECT_VERSION = 1;
				DEVELOPMENT_TEAM = RV864RZ8MD;
				GENERATE_INFOPLIST_FILE = YES;
				INFOPLIST_FILE = "photo-gallery-ios/Info.plist";
				INFOPLIST_KEY_UIApplicationSupportsIndirectInputEvents = YES;
				INFOPLIST_KEY_UILaunchStoryboardName = LaunchScreen;
				INFOPLIST_KEY_UIMainStoryboardFile = Main;
				INFOPLIST_KEY_UISupportedInterfaceOrientations_iPad = "UIInterfaceOrientationPortrait UIInterfaceOrientationPortraitUpsideDown UIInterfaceOrientationLandscapeLeft UIInterfaceOrientationLandscapeRight";
				INFOPLIST_KEY_UISupportedInterfaceOrientations_iPhone = "UIInterfaceOrientationPortrait UIInterfaceOrientationLandscapeLeft UIInterfaceOrientationLandscapeRight";
				LD_RUNPATH_SEARCH_PATHS = (
					"$(inherited)",
					"@executable_path/Frameworks",
				);
				MARKETING_VERSION = 1.0;
				PRODUCT_BUNDLE_IDENTIFIER = "myID.photo-gallery-ios";
				PRODUCT_NAME = "$(TARGET_NAME)";
				SWIFT_EMIT_LOC_STRINGS = YES;
				SWIFT_VERSION = 5.0;
				TARGETED_DEVICE_FAMILY = "1,2";
			};
			name = Release;
		};
/* End XCBuildConfiguration section */

/* Begin XCConfigurationList section */
		2473D2C12C3A72E8008AD42E /* Build configuration list for PBXProject "photo-gallery-ios" */ = {
			isa = XCConfigurationList;
			buildConfigurations = (
				2473D2D82C3A72EA008AD42E /* Debug */,
				2473D2D92C3A72EA008AD42E /* Release */,
			);
			defaultConfigurationIsVisible = 0;
			defaultConfigurationName = Release;
		};
		2473D2DA2C3A72EA008AD42E /* Build configuration list for PBXNativeTarget "photo-gallery-ios" */ = {
			isa = XCConfigurationList;
			buildConfigurations = (
				2473D2DB2C3A72EA008AD42E /* Debug */,
				2473D2DC2C3A72EA008AD42E /* Release */,
			);
			defaultConfigurationIsVisible = 0;
			defaultConfigurationName = Release;
		};
/* End XCConfigurationList section */
	};
	rootObject = 2473D2BE2C3A72E8008AD42E /* Project object */;
}
